PODS:
  - Alamofire (4.0.1)
  - RxCocoa (3.0.1):
    - RxSwift (~> 3.0)
  - RxSwift (3.0.1)
  - SwiftyJSON (3.1.1)

DEPENDENCIES:
  - Alamofire
  - RxCocoa
  - RxSwift
  - SwiftyJSON

SPEC CHECKSUMS:
  Alamofire: 7682d43245de14874acd142ec137b144aa1dd335
  RxCocoa: 15a52fc590dcc700cb4a690a633b5c5184ce3a78
  RxSwift: af5680055c4ad04480189c52d28385b1029493a6
  SwiftyJSON: f0be2e604f83e8405a624e9f891898bf6ed4e019

PODFILE CHECKSUM: fedaf4ab8eb5682fe5227e7c34b58504912746b8

COCOAPODS: 1.1.1
